
Microsoft Visual Studio Solution File, Format Version 12.00
# Visual Studio Version 17
VisualStudioVersion = 17.5.002.0
MinimumVisualStudioVersion = 10.0.40219.1
Project("{2150E333-8FDC-42A3-9474-1A3956D46DE8}") = "plugins", "plugins", "{87E7024F-B86E-4DC1-9F59-F7E48F971176}"
EndProject
Project("{9A19103F-16F7-4668-BE54-9A1E7A4F7556}") = "Plugin.ApiUI", "plugins\Plugin.ApiUI\Plugin.ApiUI.csproj", "{E436D955-91D1-4AEB-B5FC-D50230B591A0}"
EndProject
Project("{9A19103F-16F7-4668-BE54-9A1E7A4F7556}") = "Plugin.DynamicApi", "plugins\Plugin.DynamicApi\Plugin.DynamicApi.csproj", "{9D0B3915-8248-4CB0-B7DF-91F59FCBC4AA}"
EndProject
Project("{9A19103F-16F7-4668-BE54-9A1E7A4F7556}") = "Plugin.SlideCaptcha", "plugins\Plugin.SlideCaptcha\Plugin.SlideCaptcha.csproj", "{EC9AE34A-0EA5-4C4F-B6C1-F8A08FE5522F}"
EndProject
Project("{2150E333-8FDC-42A3-9474-1A3956D46DE8}") = "src", "src", "{DB2DC9E7-4E8C-48CC-8D85-CC7C836793C6}"
EndProject
Project("{2150E333-8FDC-42A3-9474-1A3956D46DE8}") = "hosts", "hosts", "{1C33FDA8-5920-4471-8EB4-588BFDFFE64A}"
EndProject
Project("{9A19103F-16F7-4668-BE54-9A1E7A4F7556}") = "Host.Linux", "src\hosts\Host.Linux\Host.Linux.csproj", "{768706B4-9F77-4154-9991-346801BC9726}"
EndProject
Project("{9A19103F-16F7-4668-BE54-9A1E7A4F7556}") = "Host.Shared", "src\hosts\Host.Shared\Host.Shared.csproj", "{70790B20-A565-434E-AC50-2C37E34C8A2C}"
EndProject
Project("{9A19103F-16F7-4668-BE54-9A1E7A4F7556}") = "Host.Window", "src\hosts\Host.Windows\Host.Window.csproj", "{AD52A1D2-44AA-4F68-9BDD-CDF1C033E922}"
EndProject
Project("{2150E333-8FDC-42A3-9474-1A3956D46DE8}") = "infrastructure", "infrastructure", "{93F1AF9B-65FE-4C24-9B7B-A419A3774C9A}"
EndProject
Project("{9A19103F-16F7-4668-BE54-9A1E7A4F7556}") = "Infrastructure", "src\infrastructure\Infrastructure\Infrastructure.csproj", "{7E86D3B0-0936-4B1D-8536-98F817DAF3C7}"
EndProject
Project("{9A19103F-16F7-4668-BE54-9A1E7A4F7556}") = "Infrastructure.Core", "src\infrastructure\Infrastructure.Core\Infrastructure.Core.csproj", "{52FF2175-5B15-4424-9816-6A860832C84D}"
EndProject
Project("{9A19103F-16F7-4668-BE54-9A1E7A4F7556}") = "Infrastructure.Service", "src\infrastructure\Infrastructure.Service\Infrastructure.Service.csproj", "{3B0AD2C3-5561-44FB-85EE-98483DE69A06}"
EndProject
Project("{2150E333-8FDC-42A3-9474-1A3956D46DE8}") = "repository", "repository", "{BFFD6B3B-5606-4A68-BF4B-AD6F9E4ED1C9}"
EndProject
Project("{9A19103F-16F7-4668-BE54-9A1E7A4F7556}") = "Repository.Admin", "src\repository\Repository.Admin\Repository.Admin.csproj", "{66055999-F070-4443-A52B-2BE78F727225}"
EndProject
Project("{2150E333-8FDC-42A3-9474-1A3956D46DE8}") = "service", "service", "{322D3AED-8F33-4937-90C3-235E8FB9A0C3}"
EndProject
Project("{9A19103F-16F7-4668-BE54-9A1E7A4F7556}") = "Service.Admin", "src\service\Service.Admin\Service.Admin.csproj", "{923AFB52-8C8C-47E9-B4FC-6F0413B891F1}"
EndProject
Global
	GlobalSection(SolutionConfigurationPlatforms) = preSolution
		Debug|Any CPU = Debug|Any CPU
		Release|Any CPU = Release|Any CPU
	EndGlobalSection
	GlobalSection(ProjectConfigurationPlatforms) = postSolution
		{E436D955-91D1-4AEB-B5FC-D50230B591A0}.Debug|Any CPU.ActiveCfg = Debug|Any CPU
		{E436D955-91D1-4AEB-B5FC-D50230B591A0}.Debug|Any CPU.Build.0 = Debug|Any CPU
		{E436D955-91D1-4AEB-B5FC-D50230B591A0}.Release|Any CPU.ActiveCfg = Release|Any CPU
		{E436D955-91D1-4AEB-B5FC-D50230B591A0}.Release|Any CPU.Build.0 = Release|Any CPU
		{9D0B3915-8248-4CB0-B7DF-91F59FCBC4AA}.Debug|Any CPU.ActiveCfg = Debug|Any CPU
		{9D0B3915-8248-4CB0-B7DF-91F59FCBC4AA}.Debug|Any CPU.Build.0 = Debug|Any CPU
		{9D0B3915-8248-4CB0-B7DF-91F59FCBC4AA}.Release|Any CPU.ActiveCfg = Release|Any CPU
		{9D0B3915-8248-4CB0-B7DF-91F59FCBC4AA}.Release|Any CPU.Build.0 = Release|Any CPU
		{EC9AE34A-0EA5-4C4F-B6C1-F8A08FE5522F}.Debug|Any CPU.ActiveCfg = Debug|Any CPU
		{EC9AE34A-0EA5-4C4F-B6C1-F8A08FE5522F}.Debug|Any CPU.Build.0 = Debug|Any CPU
		{EC9AE34A-0EA5-4C4F-B6C1-F8A08FE5522F}.Release|Any CPU.ActiveCfg = Release|Any CPU
		{EC9AE34A-0EA5-4C4F-B6C1-F8A08FE5522F}.Release|Any CPU.Build.0 = Release|Any CPU
		{768706B4-9F77-4154-9991-346801BC9726}.Debug|Any CPU.ActiveCfg = Debug|Any CPU
		{768706B4-9F77-4154-9991-346801BC9726}.Debug|Any CPU.Build.0 = Debug|Any CPU
		{768706B4-9F77-4154-9991-346801BC9726}.Release|Any CPU.ActiveCfg = Release|Any CPU
		{768706B4-9F77-4154-9991-346801BC9726}.Release|Any CPU.Build.0 = Release|Any CPU
		{70790B20-A565-434E-AC50-2C37E34C8A2C}.Debug|Any CPU.ActiveCfg = Debug|Any CPU
		{70790B20-A565-434E-AC50-2C37E34C8A2C}.Debug|Any CPU.Build.0 = Debug|Any CPU
		{70790B20-A565-434E-AC50-2C37E34C8A2C}.Release|Any CPU.ActiveCfg = Release|Any CPU
		{70790B20-A565-434E-AC50-2C37E34C8A2C}.Release|Any CPU.Build.0 = Release|Any CPU
		{AD52A1D2-44AA-4F68-9BDD-CDF1C033E922}.Debug|Any CPU.ActiveCfg = Debug|Any CPU
		{AD52A1D2-44AA-4F68-9BDD-CDF1C033E922}.Debug|Any CPU.Build.0 = Debug|Any CPU
		{AD52A1D2-44AA-4F68-9BDD-CDF1C033E922}.Release|Any CPU.ActiveCfg = Release|Any CPU
		{AD52A1D2-44AA-4F68-9BDD-CDF1C033E922}.Release|Any CPU.Build.0 = Release|Any CPU
		{7E86D3B0-0936-4B1D-8536-98F817DAF3C7}.Debug|Any CPU.ActiveCfg = Debug|Any CPU
		{7E86D3B0-0936-4B1D-8536-98F817DAF3C7}.Debug|Any CPU.Build.0 = Debug|Any CPU
		{7E86D3B0-0936-4B1D-8536-98F817DAF3C7}.Release|Any CPU.ActiveCfg = Release|Any CPU
		{7E86D3B0-0936-4B1D-8536-98F817DAF3C7}.Release|Any CPU.Build.0 = Release|Any CPU
		{52FF2175-5B15-4424-9816-6A860832C84D}.Debug|Any CPU.ActiveCfg = Debug|Any CPU
		{52FF2175-5B15-4424-9816-6A860832C84D}.Debug|Any CPU.Build.0 = Debug|Any CPU
		{52FF2175-5B15-4424-9816-6A860832C84D}.Release|Any CPU.ActiveCfg = Release|Any CPU
		{52FF2175-5B15-4424-9816-6A860832C84D}.Release|Any CPU.Build.0 = Release|Any CPU
		{3B0AD2C3-5561-44FB-85EE-98483DE69A06}.Debug|Any CPU.ActiveCfg = Debug|Any CPU
		{3B0AD2C3-5561-44FB-85EE-98483DE69A06}.Debug|Any CPU.Build.0 = Debug|Any CPU
		{3B0AD2C3-5561-44FB-85EE-98483DE69A06}.Release|Any CPU.ActiveCfg = Release|Any CPU
		{3B0AD2C3-5561-44FB-85EE-98483DE69A06}.Release|Any CPU.Build.0 = Release|Any CPU
		{66055999-F070-4443-A52B-2BE78F727225}.Debug|Any CPU.ActiveCfg = Debug|Any CPU
		{66055999-F070-4443-A52B-2BE78F727225}.Debug|Any CPU.Build.0 = Debug|Any CPU
		{66055999-F070-4443-A52B-2BE78F727225}.Release|Any CPU.ActiveCfg = Release|Any CPU
		{66055999-F070-4443-A52B-2BE78F727225}.Release|Any CPU.Build.0 = Release|Any CPU
		{923AFB52-8C8C-47E9-B4FC-6F0413B891F1}.Debug|Any CPU.ActiveCfg = Debug|Any CPU
		{923AFB52-8C8C-47E9-B4FC-6F0413B891F1}.Debug|Any CPU.Build.0 = Debug|Any CPU
		{923AFB52-8C8C-47E9-B4FC-6F0413B891F1}.Release|Any CPU.ActiveCfg = Release|Any CPU
		{923AFB52-8C8C-47E9-B4FC-6F0413B891F1}.Release|Any CPU.Build.0 = Release|Any CPU
	EndGlobalSection
	GlobalSection(SolutionProperties) = preSolution
		HideSolutionNode = FALSE
	EndGlobalSection
	GlobalSection(NestedProjects) = preSolution
		{E436D955-91D1-4AEB-B5FC-D50230B591A0} = {87E7024F-B86E-4DC1-9F59-F7E48F971176}
		{9D0B3915-8248-4CB0-B7DF-91F59FCBC4AA} = {87E7024F-B86E-4DC1-9F59-F7E48F971176}
		{EC9AE34A-0EA5-4C4F-B6C1-F8A08FE5522F} = {87E7024F-B86E-4DC1-9F59-F7E48F971176}
		{1C33FDA8-5920-4471-8EB4-588BFDFFE64A} = {DB2DC9E7-4E8C-48CC-8D85-CC7C836793C6}
		{768706B4-9F77-4154-9991-346801BC9726} = {1C33FDA8-5920-4471-8EB4-588BFDFFE64A}
		{70790B20-A565-434E-AC50-2C37E34C8A2C} = {1C33FDA8-5920-4471-8EB4-588BFDFFE64A}
		{AD52A1D2-44AA-4F68-9BDD-CDF1C033E922} = {1C33FDA8-5920-4471-8EB4-588BFDFFE64A}
		{93F1AF9B-65FE-4C24-9B7B-A419A3774C9A} = {DB2DC9E7-4E8C-48CC-8D85-CC7C836793C6}
		{7E86D3B0-0936-4B1D-8536-98F817DAF3C7} = {93F1AF9B-65FE-4C24-9B7B-A419A3774C9A}
		{52FF2175-5B15-4424-9816-6A860832C84D} = {93F1AF9B-65FE-4C24-9B7B-A419A3774C9A}
		{3B0AD2C3-5561-44FB-85EE-98483DE69A06} = {93F1AF9B-65FE-4C24-9B7B-A419A3774C9A}
		{BFFD6B3B-5606-4A68-BF4B-AD6F9E4ED1C9} = {DB2DC9E7-4E8C-48CC-8D85-CC7C836793C6}
		{66055999-F070-4443-A52B-2BE78F727225} = {BFFD6B3B-5606-4A68-BF4B-AD6F9E4ED1C9}
		{322D3AED-8F33-4937-90C3-235E8FB9A0C3} = {DB2DC9E7-4E8C-48CC-8D85-CC7C836793C6}
		{923AFB52-8C8C-47E9-B4FC-6F0413B891F1} = {322D3AED-8F33-4937-90C3-235E8FB9A0C3}
	EndGlobalSection
	GlobalSection(ExtensibilityGlobals) = postSolution
		SolutionGuid = {E800CC9D-3FDB-480B-96AD-F69BF7B913D1}
	EndGlobalSection
EndGlobal
