
Microsoft Visual Studio Solution File, Format Version 12.00
# Visual Studio Version 17
VisualStudioVersion = 17.7.34003.232
MinimumVisualStudioVersion = 10.0.40219.1
Project("{2150E333-8FDC-42A3-9474-1A3956D46DE8}") = "webapps", "webapps", "{FEE90DE4-6F4C-4588-9A23-1E0ED57F6731}"
EndProject
Project("{2150E333-8FDC-42A3-9474-1A3956D46DE8}") = "plugins", "plugins", "{89451150-EE4E-4143-BED9-7FB8C8F51CF6}"
EndProject
Project("{9A19103F-16F7-4668-BE54-9A1E7A4F7556}") = "Plugin.ApiUI", "plugins\Plugin.ApiUI\Plugin.ApiUI.csproj", "{DCC54D78-6D4D-4628-8C76-4AA0DF17FD8E}"
EndProject
Project("{9A19103F-16F7-4668-BE54-9A1E7A4F7556}") = "Plugin.DynamicApi", "plugins\Plugin.DynamicApi\Plugin.DynamicApi.csproj", "{B84778B0-11E2-4E3E-BDBF-DA1A428B7524}"
EndProject
Project("{54A90642-561A-4BB1-A94E-469ADEE60C69}") = "admin.web", "web\vueapp\admin.web.esproj", "{0A0F1110-DBE1-464C-850A-4DAE182F7D17}"
EndProject
Project("{2150E333-8FDC-42A3-9474-1A3956D46DE8}") = "infrastructure", "infrastructure", "{343BE52D-C3EE-45A2-8F22-B8595DDA587D}"
EndProject
Project("{2150E333-8FDC-42A3-9474-1A3956D46DE8}") = "service", "service", "{543E84C1-8F70-4F3F-8120-DBB1945D13A1}"
EndProject
Project("{2150E333-8FDC-42A3-9474-1A3956D46DE8}") = "scaffolding", "scaffolding", "{F3BD1556-2A12-4C6E-9D25-CA1815DD5D20}"
EndProject
Project("{2150E333-8FDC-42A3-9474-1A3956D46DE8}") = "repository", "repository", "{5DAFD8BA-44AA-434C-A926-4053A2F0DCE6}"
EndProject
Project("{2150E333-8FDC-42A3-9474-1A3956D46DE8}") = "hosts", "hosts", "{4AC4B29C-B0AF-4688-AA96-F6FE8BF80E38}"
EndProject
Project("{9A19103F-16F7-4668-BE54-9A1E7A4F7556}") = "Repository.Admin", "src\repository\Repository.Admin\Repository.Admin.csproj", "{FA8185B7-11CC-4265-A691-69521EF51B0B}"
EndProject
Project("{9A19103F-16F7-4668-BE54-9A1E7A4F7556}") = "Service.Admin", "src\service\Service.Admin\Service.Admin.csproj", "{D4AA78FD-0F80-41E4-B03C-E74A9ACA8023}"
EndProject
Project("{9A19103F-16F7-4668-BE54-9A1E7A4F7556}") = "Infrastructure.Service", "src\infrastructure\Infrastructure.Service\Infrastructure.Service.csproj", "{FD4B0256-2C19-484E-8DDE-5E3BC003E201}"
EndProject
Project("{9A19103F-16F7-4668-BE54-9A1E7A4F7556}") = "Infrastructure", "src\infrastructure\Infrastructure\Infrastructure.csproj", "{E244FDCA-1659-4AE9-B8B2-901D57224607}"
EndProject
Project("{9A19103F-16F7-4668-BE54-9A1E7A4F7556}") = "Plugin.SlideCaptcha", "plugins\Plugin.SlideCaptcha\Plugin.SlideCaptcha.csproj", "{198094F5-483E-4AFC-BF41-1EB9CBD5C741}"
EndProject
Project("{9A19103F-16F7-4668-BE54-9A1E7A4F7556}") = "Host.Window", "src\hosts\Host.Windows\Host.Window.csproj", "{0670033C-9358-488C-8F18-646535132D88}"
EndProject
Project("{9A19103F-16F7-4668-BE54-9A1E7A4F7556}") = "Host.Linux", "src\hosts\Host.Linux\Host.Linux.csproj", "{0854E0E2-3C91-4698-B33C-6E772793B7F9}"
EndProject
Project("{9A19103F-16F7-4668-BE54-9A1E7A4F7556}") = "Host.Shared", "src\hosts\Host.Shared\Host.Shared.csproj", "{910F4017-1B5D-4441-A9E8-E56F16D3BDE9}"
EndProject
Project("{9A19103F-16F7-4668-BE54-9A1E7A4F7556}") = "Infrastructure.Core", "src\infrastructure\Infrastructure.Core\Infrastructure.Core.csproj", "{DF8F8812-983A-439C-B3AC-DE30AD891724}"
EndProject
Global
	GlobalSection(SolutionConfigurationPlatforms) = preSolution
		Debug|Any CPU = Debug|Any CPU
		Release|Any CPU = Release|Any CPU
	EndGlobalSection
	GlobalSection(ProjectConfigurationPlatforms) = postSolution
		{DCC54D78-6D4D-4628-8C76-4AA0DF17FD8E}.Debug|Any CPU.ActiveCfg = Debug|Any CPU
		{DCC54D78-6D4D-4628-8C76-4AA0DF17FD8E}.Debug|Any CPU.Build.0 = Debug|Any CPU
		{DCC54D78-6D4D-4628-8C76-4AA0DF17FD8E}.Release|Any CPU.ActiveCfg = Release|Any CPU
		{DCC54D78-6D4D-4628-8C76-4AA0DF17FD8E}.Release|Any CPU.Build.0 = Release|Any CPU
		{B84778B0-11E2-4E3E-BDBF-DA1A428B7524}.Debug|Any CPU.ActiveCfg = Debug|Any CPU
		{B84778B0-11E2-4E3E-BDBF-DA1A428B7524}.Debug|Any CPU.Build.0 = Debug|Any CPU
		{B84778B0-11E2-4E3E-BDBF-DA1A428B7524}.Release|Any CPU.ActiveCfg = Release|Any CPU
		{B84778B0-11E2-4E3E-BDBF-DA1A428B7524}.Release|Any CPU.Build.0 = Release|Any CPU
		{0A0F1110-DBE1-464C-850A-4DAE182F7D17}.Debug|Any CPU.ActiveCfg = Debug|Any CPU
		{0A0F1110-DBE1-464C-850A-4DAE182F7D17}.Debug|Any CPU.Build.0 = Debug|Any CPU
		{0A0F1110-DBE1-464C-850A-4DAE182F7D17}.Debug|Any CPU.Deploy.0 = Debug|Any CPU
		{0A0F1110-DBE1-464C-850A-4DAE182F7D17}.Release|Any CPU.ActiveCfg = Release|Any CPU
		{0A0F1110-DBE1-464C-850A-4DAE182F7D17}.Release|Any CPU.Build.0 = Release|Any CPU
		{0A0F1110-DBE1-464C-850A-4DAE182F7D17}.Release|Any CPU.Deploy.0 = Release|Any CPU
		{FA8185B7-11CC-4265-A691-69521EF51B0B}.Debug|Any CPU.ActiveCfg = Debug|Any CPU
		{FA8185B7-11CC-4265-A691-69521EF51B0B}.Debug|Any CPU.Build.0 = Debug|Any CPU
		{FA8185B7-11CC-4265-A691-69521EF51B0B}.Release|Any CPU.ActiveCfg = Release|Any CPU
		{FA8185B7-11CC-4265-A691-69521EF51B0B}.Release|Any CPU.Build.0 = Release|Any CPU
		{D4AA78FD-0F80-41E4-B03C-E74A9ACA8023}.Debug|Any CPU.ActiveCfg = Debug|Any CPU
		{D4AA78FD-0F80-41E4-B03C-E74A9ACA8023}.Debug|Any CPU.Build.0 = Debug|Any CPU
		{D4AA78FD-0F80-41E4-B03C-E74A9ACA8023}.Release|Any CPU.ActiveCfg = Release|Any CPU
		{D4AA78FD-0F80-41E4-B03C-E74A9ACA8023}.Release|Any CPU.Build.0 = Release|Any CPU
		{FD4B0256-2C19-484E-8DDE-5E3BC003E201}.Debug|Any CPU.ActiveCfg = Debug|Any CPU
		{FD4B0256-2C19-484E-8DDE-5E3BC003E201}.Debug|Any CPU.Build.0 = Debug|Any CPU
		{FD4B0256-2C19-484E-8DDE-5E3BC003E201}.Release|Any CPU.ActiveCfg = Release|Any CPU
		{FD4B0256-2C19-484E-8DDE-5E3BC003E201}.Release|Any CPU.Build.0 = Release|Any CPU
		{E244FDCA-1659-4AE9-B8B2-901D57224607}.Debug|Any CPU.ActiveCfg = Debug|Any CPU
		{E244FDCA-1659-4AE9-B8B2-901D57224607}.Debug|Any CPU.Build.0 = Debug|Any CPU
		{E244FDCA-1659-4AE9-B8B2-901D57224607}.Release|Any CPU.ActiveCfg = Release|Any CPU
		{E244FDCA-1659-4AE9-B8B2-901D57224607}.Release|Any CPU.Build.0 = Release|Any CPU
		{198094F5-483E-4AFC-BF41-1EB9CBD5C741}.Debug|Any CPU.ActiveCfg = Debug|Any CPU
		{198094F5-483E-4AFC-BF41-1EB9CBD5C741}.Debug|Any CPU.Build.0 = Debug|Any CPU
		{198094F5-483E-4AFC-BF41-1EB9CBD5C741}.Release|Any CPU.ActiveCfg = Release|Any CPU
		{198094F5-483E-4AFC-BF41-1EB9CBD5C741}.Release|Any CPU.Build.0 = Release|Any CPU
		{0670033C-9358-488C-8F18-646535132D88}.Debug|Any CPU.ActiveCfg = Debug|Any CPU
		{0670033C-9358-488C-8F18-646535132D88}.Debug|Any CPU.Build.0 = Debug|Any CPU
		{0670033C-9358-488C-8F18-646535132D88}.Release|Any CPU.ActiveCfg = Release|Any CPU
		{0670033C-9358-488C-8F18-646535132D88}.Release|Any CPU.Build.0 = Release|Any CPU
		{0854E0E2-3C91-4698-B33C-6E772793B7F9}.Debug|Any CPU.ActiveCfg = Debug|Any CPU
		{0854E0E2-3C91-4698-B33C-6E772793B7F9}.Debug|Any CPU.Build.0 = Debug|Any CPU
		{0854E0E2-3C91-4698-B33C-6E772793B7F9}.Release|Any CPU.ActiveCfg = Release|Any CPU
		{0854E0E2-3C91-4698-B33C-6E772793B7F9}.Release|Any CPU.Build.0 = Release|Any CPU
		{910F4017-1B5D-4441-A9E8-E56F16D3BDE9}.Debug|Any CPU.ActiveCfg = Debug|Any CPU
		{910F4017-1B5D-4441-A9E8-E56F16D3BDE9}.Debug|Any CPU.Build.0 = Debug|Any CPU
		{910F4017-1B5D-4441-A9E8-E56F16D3BDE9}.Release|Any CPU.ActiveCfg = Release|Any CPU
		{910F4017-1B5D-4441-A9E8-E56F16D3BDE9}.Release|Any CPU.Build.0 = Release|Any CPU
		{DF8F8812-983A-439C-B3AC-DE30AD891724}.Debug|Any CPU.ActiveCfg = Debug|Any CPU
		{DF8F8812-983A-439C-B3AC-DE30AD891724}.Debug|Any CPU.Build.0 = Debug|Any CPU
		{DF8F8812-983A-439C-B3AC-DE30AD891724}.Release|Any CPU.ActiveCfg = Release|Any CPU
		{DF8F8812-983A-439C-B3AC-DE30AD891724}.Release|Any CPU.Build.0 = Release|Any CPU
	EndGlobalSection
	GlobalSection(SolutionProperties) = preSolution
		HideSolutionNode = FALSE
	EndGlobalSection
	GlobalSection(NestedProjects) = preSolution
		{DCC54D78-6D4D-4628-8C76-4AA0DF17FD8E} = {89451150-EE4E-4143-BED9-7FB8C8F51CF6}
		{B84778B0-11E2-4E3E-BDBF-DA1A428B7524} = {89451150-EE4E-4143-BED9-7FB8C8F51CF6}
		{0A0F1110-DBE1-464C-850A-4DAE182F7D17} = {FEE90DE4-6F4C-4588-9A23-1E0ED57F6731}
		{FA8185B7-11CC-4265-A691-69521EF51B0B} = {5DAFD8BA-44AA-434C-A926-4053A2F0DCE6}
		{D4AA78FD-0F80-41E4-B03C-E74A9ACA8023} = {543E84C1-8F70-4F3F-8120-DBB1945D13A1}
		{FD4B0256-2C19-484E-8DDE-5E3BC003E201} = {343BE52D-C3EE-45A2-8F22-B8595DDA587D}
		{E244FDCA-1659-4AE9-B8B2-901D57224607} = {343BE52D-C3EE-45A2-8F22-B8595DDA587D}
		{198094F5-483E-4AFC-BF41-1EB9CBD5C741} = {89451150-EE4E-4143-BED9-7FB8C8F51CF6}
		{0670033C-9358-488C-8F18-646535132D88} = {4AC4B29C-B0AF-4688-AA96-F6FE8BF80E38}
		{0854E0E2-3C91-4698-B33C-6E772793B7F9} = {4AC4B29C-B0AF-4688-AA96-F6FE8BF80E38}
		{910F4017-1B5D-4441-A9E8-E56F16D3BDE9} = {4AC4B29C-B0AF-4688-AA96-F6FE8BF80E38}
		{DF8F8812-983A-439C-B3AC-DE30AD891724} = {343BE52D-C3EE-45A2-8F22-B8595DDA587D}
	EndGlobalSection
	GlobalSection(ExtensibilityGlobals) = postSolution
		SolutionGuid = {64AC373D-DB1E-493F-A13D-96C6325B7291}
	EndGlobalSection
EndGlobal
